<Solution>
  <Project Path="DbLibrary/DbLibrary.csproj" Id="b628f4ea-f4f5-4842-8dbe-e0ef7ed55ac4" />
  <Project Path="DocumentsLibrary/DocumentsLibrary.csproj" Id="94a7ff3f-98e0-4ffe-b92c-8d8020a9c958" />
  <Project Path="Entities/Entities.csproj" Id="93250a86-8511-4dd7-9974-bc5e87133e78" />
  <Project Path="InitDb/InitDb.csproj" Id="bd14e882-871e-4641-bcc9-77c45dfa9fa8" />
  <Project Path="Training/Training.csproj" />
</Solution>
